// !$*UTF8*$!
{
	archiveVersion = 1;
	classes = {
	};
	objectVersion = 50;
	objects = {

/* Begin PBXBuildFile section */
		25764380245DB8A1007B7695 /* Modifier.swift in Sources */ = {isa = PBXBuildFile; fileRef = 2576437F245DB8A1007B7695 /* Modifier.swift */; };
		25764382245EFB23007B7695 /* ViewDecoder.swift in Sources */ = {isa = PBXBuildFile; fileRef = 25764381245EFB23007B7695 /* ViewDecoder.swift */; };
		25A2C535245D771B00DE4BA6 /* AppDelegate.swift in Sources */ = {isa = PBXBuildFile; fileRef = 25A2C534245D771B00DE4BA6 /* AppDelegate.swift */; };
		25A2C537245D771B00DE4BA6 /* SceneDelegate.swift in Sources */ = {isa = PBXBuildFile; fileRef = 25A2C536245D771B00DE4BA6 /* SceneDelegate.swift */; };
		25A2C539245D771B00DE4BA6 /* ContentView.swift in Sources */ = {isa = PBXBuildFile; fileRef = 25A2C538245D771B00DE4BA6 /* ContentView.swift */; };
		25A2C53B245D771E00DE4BA6 /* Assets.xcassets in Resources */ = {isa = PBXBuildFile; fileRef = 25A2C53A245D771E00DE4BA6 /* Assets.xcassets */; };
		25A2C53E245D771E00DE4BA6 /* Preview Assets.xcassets in Resources */ = {isa = PBXBuildFile; fileRef = 25A2C53D245D771E00DE4BA6 /* Preview Assets.xcassets */; };
		25A2C541245D771E00DE4BA6 /* LaunchScreen.storyboard in Resources */ = {isa = PBXBuildFile; fileRef = 25A2C53F245D771E00DE4BA6 /* LaunchScreen.storyboard */; };
/* End PBXBuildFile section */

/* Begin PBXFileReference section */
		2576437F245DB8A1007B7695 /* Modifier.swift */ = {isa = PBXFileReference; lastKnownFileType = sourcecode.swift; path = Modifier.swift; sourceTree = "<group>"; };
		25764381245EFB23007B7695 /* ViewDecoder.swift */ = {isa = PBXFileReference; lastKnownFileType = sourcecode.swift; path = ViewDecoder.swift; sourceTree = "<group>"; };
		25A2C531245D771B00DE4BA6 /* SwiftUIViewCodable.app */ = {isa = PBXFileReference; explicitFileType = wrapper.application; includeInIndex = 0; path = SwiftUIViewCodable.app; sourceTree = BUILT_PRODUCTS_DIR; };
		25A2C534245D771B00DE4BA6 /* AppDelegate.swift */ = {isa = PBXFileReference; lastKnownFileType = sourcecode.swift; path = AppDelegate.swift; sourceTree = "<group>"; };
		25A2C536245D771B00DE4BA6 /* SceneDelegate.swift */ = {isa = PBXFileReference; lastKnownFileType = sourcecode.swift; path = SceneDelegate.swift; sourceTree = "<group>"; };
		25A2C538245D771B00DE4BA6 /* ContentView.swift */ = {isa = PBXFileReference; lastKnownFileType = sourcecode.swift; path = ContentView.swift; sourceTree = "<group>"; };
		25A2C53A245D771E00DE4BA6 /* Assets.xcassets */ = {isa = PBXFileReference; lastKnownFileType = folder.assetcatalog; path = Assets.xcassets; sourceTree = "<group>"; };
		25A2C53D245D771E00DE4BA6 /* Preview Assets.xcassets */ = {isa = PBXFileReference; lastKnownFileType = folder.assetcatalog; path = "Preview Assets.xcassets"; sourceTree = "<group>"; };
		25A2C540245D771E00DE4BA6 /* Base */ = {isa = PBXFileReference; lastKnownFileType = file.storyboard; name = Base; path = Base.lproj/LaunchScreen.storyboard; sourceTree = "<group>"; };
		25A2C542245D771E00DE4BA6 /* Info.plist */ = {isa = PBXFileReference; lastKnownFileType = text.plist.xml; path = Info.plist; sourceTree = "<group>"; };
/* End PBXFileReference section */

/* Begin PBXFrameworksBuildPhase section */
		25A2C52E245D771B00DE4BA6 /* Frameworks */ = {
			isa = PBXFrameworksBuildPhase;
			buildActionMask = 2147483647;
			files = (
			);
			runOnlyForDeploymentPostprocessing = 0;
		};
/* End PBXFrameworksBuildPhase section */

/* Begin PBXGroup section */
		25A2C528245D771B00DE4BA6 = {
			isa = PBXGroup;
			children = (
				25A2C533245D771B00DE4BA6 /* SwiftUIViewCodable */,
				25A2C532245D771B00DE4BA6 /* Products */,
			);
			sourceTree = "<group>";
		};
		25A2C532245D771B00DE4BA6 /* Products */ = {
			isa = PBXGroup;
			children = (
				25A2C531245D771B00DE4BA6 /* SwiftUIViewCodable.app */,
			);
			name = Products;
			sourceTree = "<group>";
		};
		25A2C533245D771B00DE4BA6 /* SwiftUIViewCodable */ = {
			isa = PBXGroup;
			children = (
				25A2C534245D771B00DE4BA6 /* AppDelegate.swift */,
				25A2C536245D771B00DE4BA6 /* SceneDelegate.swift */,
				25A2C538245D771B00DE4BA6 /* ContentView.swift */,
				2576437F245DB8A1007B7695 /* Modifier.swift */,
				25764381245EFB23007B7695 /* ViewDecoder.swift */,
				25A2C53A245D771E00DE4BA6 /* Assets.xcassets */,
				25A2C53F245D771E00DE4BA6 /* LaunchScreen.storyboard */,
				25A2C542245D771E00DE4BA6 /* Info.plist */,
				25A2C53C245D771E00DE4BA6 /* Preview Content */,
			);
			path = SwiftUIViewCodable;
			sourceTree = "<group>";
		};
		25A2C53C245D771E00DE4BA6 /* Preview Content */ = {
			isa = PBXGroup;
			children = (
				25A2C53D245D771E00DE4BA6 /* Preview Assets.xcassets */,
			);
			path = "Preview Content";
			sourceTree = "<group>";
		};
/* End PBXGroup section */

/* Begin PBXNativeTarget section */
		25A2C530245D771B00DE4BA6 /* SwiftUIViewCodable */ = {
			isa = PBXNativeTarget;
			buildConfigurationList = 25A2C545245D771E00DE4BA6 /* Build configuration list for PBXNativeTarget "SwiftUIViewCodable" */;
			buildPhases = (
				25A2C52D245D771B00DE4BA6 /* Sources */,
				25A2C52E245D771B00DE4BA6 /* Frameworks */,
				25A2C52F245D771B00DE4BA6 /* Resources */,
			);
			buildRules = (
			);
			dependencies = (
			);
			name = SwiftUIViewCodable;
			productName = SwiftUIViewCodable;
			productReference = 25A2C531245D771B00DE4BA6 /* SwiftUIViewCodable.app */;
			productType = "com.apple.product-type.application";
		};
/* End PBXNativeTarget section */

/* Begin PBXProject section */
		25A2C529245D771B00DE4BA6 /* Project object */ = {
			isa = PBXProject;
			attributes = {
				LastSwiftUpdateCheck = 1140;
				LastUpgradeCheck = 1140;
				ORGANIZATIONNAME = "Gualtiero Frigerio";
				TargetAttributes = {
					25A2C530245D771B00DE4BA6 = {
						CreatedOnToolsVersion = 11.4.1;
					};
				};
			};
			buildConfigurationList = 25A2C52C245D771B00DE4BA6 /* Build configuration list for PBXProject "SwiftUIViewCodable" */;
			compatibilityVersion = "Xcode 9.3";
			developmentRegion = en;
			hasScannedForEncodings = 0;
			knownRegions = (
				en,
				Base,
			);
			mainGroup = 25A2C528245D771B00DE4BA6;
			productRefGroup = 25A2C532245D771B00DE4BA6 /* Products */;
			projectDirPath = "";
			projectRoot = "";
			targets = (
				25A2C530245D771B00DE4BA6 /* SwiftUIViewCodable */,
			);
		};
/* End PBXProject section */

/* Begin PBXResourcesBuildPhase section */
		25A2C52F245D771B00DE4BA6 /* Resources */ = {
			isa = PBXResourcesBuildPhase;
			buildActionMask = 2147483647;
			files = (
				25A2C541245D771E00DE4BA6 /* LaunchScreen.storyboard in Resources */,
				25A2C53E245D771E00DE4BA6 /* Preview Assets.xcassets in Resources */,
				25A2C53B245D771E00DE4BA6 /* Assets.xcassets in Resources */,
			);
			runOnlyForDeploymentPostprocessing = 0;
		};
/* End PBXResourcesBuildPhase section */

/* Begin PBXSourcesBuildPhase section */
		25A2C52D245D771B00DE4BA6 /* Sources */ = {
			isa = PBXSourcesBuildPhase;
			buildActionMask = 2147483647;
			files = (
				25764380245DB8A1007B7695 /* Modifier.swift in Sources */,
				25764382245EFB23007B7695 /* ViewDecoder.swift in Sources */,
				25A2C535245D771B00DE4BA6 /* AppDelegate.swift in Sources */,
				25A2C537245D771B00DE4BA6 /* SceneDelegate.swift in Sources */,
				25A2C539245D771B00DE4BA6 /* ContentView.swift in Sources */,
			);
			runOnlyForDeploymentPostprocessing = 0;
		};
/* End PBXSourcesBuildPhase section */

/* Begin PBXVariantGroup section */
		25A2C53F245D771E00DE4BA6 /* LaunchScreen.storyboard */ = {
			isa = PBXVariantGroup;
			children = (
				25A2C540245D771E00DE4BA6 /* Base */,
			);
			name = LaunchScreen.storyboard;
			sourceTree = "<group>";
		};
/* End PBXVariantGroup section */

/* Begin XCBuildConfiguration section */
		25A2C543245D771E00DE4BA6 /* Debug */ = {
			isa = XCBuildConfiguration;
			buildSettings = {
				ALWAYS_SEARCH_USER_PATHS = NO;
				CLANG_ANALYZER_NONNULL = YES;
				CLANG_ANALYZER_NUMBER_OBJECT_CONVERSION = YES_AGGRESSIVE;
				CLANG_CXX_LANGUAGE_STANDARD = "gnu++14";
				CLANG_CXX_LIBRARY = "libc++";
				CLANG_ENABLE_MODULES = YES;
				CLANG_ENABLE_OBJC_ARC = YES;
				CLANG_ENABLE_OBJC_WEAK = YES;
				CLANG_WARN_BLOCK_CAPTURE_AUTORELEASING = YES;
				CLANG_WARN_BOOL_CONVERSION = YES;
				CLANG_WARN_COMMA = YES;
				CLANG_WARN_CONSTANT_CONVERSION = YES;
				CLANG_WARN_DEPRECATED_OBJC_IMPLEMENTATIONS = YES;
				CLANG_WARN_DIRECT_OBJC_ISA_USAGE = YES_ERROR;
				CLANG_WARN_DOCUMENTATION_COMMENTS = YES;
				CLANG_WARN_EMPTY_BODY = YES;
				CLANG_WARN_ENUM_CONVERSION = YES;
				CLANG_WARN_INFINITE_RECURSION = YES;
				CLANG_WARN_INT_CONVERSION = YES;
				CLANG_WARN_NON_LITERAL_NULL_CONVERSION = YES;
				CLANG_WARN_OBJC_IMPLICIT_RETAIN_SELF = YES;
				CLANG_WARN_OBJC_LITERAL_CONVERSION = YES;
				CLANG_WARN_OBJC_ROOT_CLASS = YES_ERROR;
				CLANG_WARN_RANGE_LOOP_ANALYSIS = YES;
				CLANG_WARN_STRICT_PROTOTYPES = YES;
				CLANG_WARN_SUSPICIOUS_MOVE = YES;
				CLANG_WARN_UNGUARDED_AVAILABILITY = YES_AGGRESSIVE;
				CLANG_WARN_UNREACHABLE_CODE = YES;
				CLANG_WARN__DUPLICATE_METHOD_MATCH = YES;
				COPY_PHASE_STRIP = NO;
				DEBUG_INFORMATION_FORMAT = dwarf;
				ENABLE_STRICT_OBJC_MSGSEND = YES;
				ENABLE_TESTABILITY = YES;
				GCC_C_LANGUAGE_STANDARD = gnu11;
				GCC_DYNAMIC_NO_PIC = NO;
				GCC_NO_COMMON_BLOCKS = YES;
				GCC_OPTIMIZATION_LEVEL = 0;
				GCC_PREPROCESSOR_DEFINITIONS = (
					"DEBUG=1",
					"$(inherited)",
				);
				GCC_WARN_64_TO_32_BIT_CONVERSION = YES;
				GCC_WARN_ABOUT_RETURN_TYPE = YES_ERROR;
				GCC_WARN_UNDECLARED_SELECTOR = YES;
				GCC_WARN_UNINITIALIZED_AUTOS = YES_AGGRESSIVE;
				GCC_WARN_UNUSED_FUNCTION = YES;
				GCC_WARN_UNUSED_VARIABLE = YES;
				IPHONEOS_DEPLOYMENT_TARGET = 13.4;
				MTL_ENABLE_DEBUG_INFO = INCLUDE_SOURCE;
				MTL_FAST_MATH = YES;
				ONLY_ACTIVE_ARCH = YES;
				SDKROOT = iphoneos;
				SWIFT_ACTIVE_COMPILATION_CONDITIONS = DEBUG;
				SWIFT_OPTIMIZATION_LEVEL = "-Onone";
			};
			name = Debug;
		};
		25A2C544245D771E00DE4BA6 /* Release */ = {
			isa = XCBuildConfiguration;
			buildSettings = {
				ALWAYS_SEARCH_USER_PATHS = NO;
				CLANG_ANALYZER_NONNULL = YES;
				CLANG_ANALYZER_NUMBER_OBJECT_CONVERSION = YES_AGGRESSIVE;
				CLANG_CXX_LANGUAGE_STANDARD = "gnu++14";
				CLANG_CXX_LIBRARY = "libc++";
				CLANG_ENABLE_MODULES = YES;
				CLANG_ENABLE_OBJC_ARC = YES;
				CLANG_ENABLE_OBJC_WEAK = YES;
				CLANG_WARN_BLOCK_CAPTURE_AUTORELEASING = YES;
				CLANG_WARN_BOOL_CONVERSION = YES;
				CLANG_WARN_COMMA = YES;
				CLANG_WARN_CONSTANT_CONVERSION = YES;
				CLANG_WARN_DEPRECATED_OBJC_IMPLEMENTATIONS = YES;
				CLANG_WARN_DIRECT_OBJC_ISA_USAGE = YES_ERROR;
				CLANG_WARN_DOCUMENTATION_COMMENTS = YES;
				CLANG_WARN_EMPTY_BODY = YES;
				CLANG_WARN_ENUM_CONVERSION = YES;
				CLANG_WARN_INFINITE_RECURSION = YES;
				CLANG_WARN_INT_CONVERSION = YES;
				CLANG_WARN_NON_LITERAL_NULL_CONVERSION = YES;
				CLANG_WARN_OBJC_IMPLICIT_RETAIN_SELF = YES;
				CLANG_WARN_OBJC_LITERAL_CONVERSION = YES;
				CLANG_WARN_OBJC_ROOT_CLASS = YES_ERROR;
				CLANG_WARN_RANGE_LOOP_ANALYSIS = YES;
				CLANG_WARN_STRICT_PROTOTYPES = YES;
				CLANG_WARN_SUSPICIOUS_MOVE = YES;
				CLANG_WARN_UNGUARDED_AVAILABILITY = YES_AGGRESSIVE;
				CLANG_WARN_UNREACHABLE_CODE = YES;
				CLANG_WARN__DUPLICATE_METHOD_MATCH = YES;
				COPY_PHASE_STRIP = NO;
				DEBUG_INFORMATION_FORMAT = "dwarf-with-dsym";
				ENABLE_NS_ASSERTIONS = NO;
				ENABLE_STRICT_OBJC_MSGSEND = YES;
				GCC_C_LANGUAGE_STANDARD = gnu11;
				GCC_NO_COMMON_BLOCKS = YES;
				GCC_WARN_64_TO_32_BIT_CONVERSION = YES;
				GCC_WARN_ABOUT_RETURN_TYPE = YES_ERROR;
				GCC_WARN_UNDECLARED_SELECTOR = YES;
				GCC_WARN_UNINITIALIZED_AUTOS = YES_AGGRESSIVE;
				GCC_WARN_UNUSED_FUNCTION = YES;
				GCC_WARN_UNUSED_VARIABLE = YES;
				IPHONEOS_DEPLOYMENT_TARGET = 13.4;
				MTL_ENABLE_DEBUG_INFO = NO;
				MTL_FAST_MATH = YES;
				SDKROOT = iphoneos;
				SWIFT_COMPILATION_MODE = wholemodule;
				SWIFT_OPTIMIZATION_LEVEL = "-O";
				VALIDATE_PRODUCT = YES;
			};
			name = Release;
		};
		25A2C546245D771E00DE4BA6 /* Debug */ = {
			isa = XCBuildConfiguration;
			buildSettings = {
				ASSETCATALOG_COMPILER_APPICON_NAME = AppIcon;
				CODE_SIGN_STYLE = Automatic;
				DEVELOPMENT_ASSET_PATHS = "\"SwiftUIViewCodable/Preview Content\"";
				ENABLE_PREVIEWS = YES;
				INFOPLIST_FILE = SwiftUIViewCodable/Info.plist;
				LD_RUNPATH_SEARCH_PATHS = (
					"$(inherited)",
					"@executable_path/Frameworks",
				);
				PRODUCT_BUNDLE_IDENTIFIER = gfrigerio.com.SwiftUIViewCodable;
				PRODUCT_NAME = "$(TARGET_NAME)";
				SWIFT_VERSION = 5.0;
				TARGETED_DEVICE_FAMILY = "1,2";
			};
			name = Debug;
		};
		25A2C547245D771E00DE4BA6 /* Release */ = {
			isa = XCBuildConfiguration;
			buildSettings = {
				ASSETCATALOG_COMPILER_APPICON_NAME = AppIcon;
				CODE_SIGN_STYLE = Automatic;
				DEVELOPMENT_ASSET_PATHS = "\"SwiftUIViewCodable/Preview Content\"";
				ENABLE_PREVIEWS = YES;
				INFOPLIST_FILE = SwiftUIViewCodable/Info.plist;
				LD_RUNPATH_SEARCH_PATHS = (
					"$(inherited)",
					"@executable_path/Frameworks",
				);
				PRODUCT_BUNDLE_IDENTIFIER = gfrigerio.com.SwiftUIViewCodable;
				PRODUCT_NAME = "$(TARGET_NAME)";
				SWIFT_VERSION = 5.0;
				TARGETED_DEVICE_FAMILY = "1,2";
			};
			name = Release;
		};
/* End XCBuildConfiguration section */

/* Begin XCConfigurationList section */
		25A2C52C245D771B00DE4BA6 /* Build configuration list for PBXProject "SwiftUIViewCodable" */ = {
			isa = XCConfigurationList;
			buildConfigurations = (
				25A2C543245D771E00DE4BA6 /* Debug */,
				25A2C544245D771E00DE4BA6 /* Release */,
			);
			defaultConfigurationIsVisible = 0;
			defaultConfigurationName = Release;
		};
		25A2C545245D771E00DE4BA6 /* Build configuration list for PBXNativeTarget "SwiftUIViewCodable" */ = {
			isa = XCConfigurationList;
			buildConfigurations = (
				25A2C546245D771E00DE4BA6 /* Debug */,
				25A2C547245D771E00DE4BA6 /* Release */,
			);
			defaultConfigurationIsVisible = 0;
			defaultConfigurationName = Release;
		};
/* End XCConfigurationList section */
	};
	rootObject = 25A2C529245D771B00DE4BA6 /* Project object */;
}
